
Microsoft Visual Studio Solution File, Format Version 12.00
# Visual Studio Version 17
VisualStudioVersion = 17.0.31903.59
MinimumVisualStudioVersion = 10.0.40219.1
Project("{FAE04EC0-301F-11D3-BF4B-00C04F79EFBC}") = "Nixvale.App", "Nixvale.App\Nixvale.App.csproj", "{1051A3F5-F8CA-4470-B744-F9CE50193388}"
EndProject
Project("{FAE04EC0-301F-11D3-BF4B-00C04F79EFBC}") = "Nixvale.Core", "Nixvale.Core\Nixvale.Core.csproj", "{492FB7BD-8E1D-42D7-9400-4FEFAE34847E}"
EndProject
Project("{FAE04EC0-301F-11D3-BF4B-00C04F79EFBC}") = "Nixvale.Services", "Nixvale.Services\Nixvale.Services.csproj", "{EE3A21C1-E9AF-45F0-97F7-DA5F6892B2D0}"
EndProject
Global
	GlobalSection(SolutionConfigurationPlatforms) = preSolution
		Debug|Any CPU = Debug|Any CPU
		Release|Any CPU = Release|Any CPU
	EndGlobalSection
	GlobalSection(SolutionProperties) = preSolution
		HideSolutionNode = FALSE
	EndGlobalSection
	GlobalSection(ProjectConfigurationPlatforms) = postSolution
		{1051A3F5-F8CA-4470-B744-F9CE50193388}.Debug|Any CPU.ActiveCfg = Debug|Any CPU
		{1051A3F5-F8CA-4470-B744-F9CE50193388}.Debug|Any CPU.Build.0 = Debug|Any CPU
		{1051A3F5-F8CA-4470-B744-F9CE50193388}.Release|Any CPU.ActiveCfg = Release|Any CPU
		{1051A3F5-F8CA-4470-B744-F9CE50193388}.Release|Any CPU.Build.0 = Release|Any CPU
		{492FB7BD-8E1D-42D7-9400-4FEFAE34847E}.Debug|Any CPU.ActiveCfg = Debug|Any CPU
		{492FB7BD-8E1D-42D7-9400-4FEFAE34847E}.Debug|Any CPU.Build.0 = Debug|Any CPU
		{492FB7BD-8E1D-42D7-9400-4FEFAE34847E}.Release|Any CPU.ActiveCfg = Release|Any CPU
		{492FB7BD-8E1D-42D7-9400-4FEFAE34847E}.Release|Any CPU.Build.0 = Release|Any CPU
		{EE3A21C1-E9AF-45F0-97F7-DA5F6892B2D0}.Debug|Any CPU.ActiveCfg = Debug|Any CPU
		{EE3A21C1-E9AF-45F0-97F7-DA5F6892B2D0}.Debug|Any CPU.Build.0 = Debug|Any CPU
		{EE3A21C1-E9AF-45F0-97F7-DA5F6892B2D0}.Release|Any CPU.ActiveCfg = Release|Any CPU
		{EE3A21C1-E9AF-45F0-97F7-DA5F6892B2D0}.Release|Any CPU.Build.0 = Release|Any CPU
	EndGlobalSection
EndGlobal
